
Microsoft Visual Studio Solution File, Format Version 12.00
# Visual Studio Version 17
VisualStudioVersion = 17.3.32825.248
MinimumVisualStudioVersion = 10.0.40219.1
Project("{E24C65DC-7377-472B-9ABA-BC803B73C61A}") = "front", "front\", "{EC6394F6-3655-473C-BC1F-71A3BC2E9391}"
	ProjectSection(WebsiteProperties) = preProject
		TargetFrameworkMoniker = ".NETFramework,Version%3Dv4.0"
		Debug.AspNetCompiler.VirtualPath = "/localhost_54373"
		Debug.AspNetCompiler.PhysicalPath = "front\"
		Debug.AspNetCompiler.TargetPath = "PrecompiledWeb\localhost_54373\"
		Debug.AspNetCompiler.Updateable = "true"
		Debug.AspNetCompiler.ForceOverwrite = "true"
		Debug.AspNetCompiler.FixedNames = "false"
		Debug.AspNetCompiler.Debug = "True"
		Release.AspNetCompiler.VirtualPath = "/localhost_54373"
		Release.AspNetCompiler.PhysicalPath = "front\"
		Release.AspNetCompiler.TargetPath = "PrecompiledWeb\localhost_54373\"
		Release.AspNetCompiler.Updateable = "true"
		Release.AspNetCompiler.ForceOverwrite = "true"
		Release.AspNetCompiler.FixedNames = "false"
		Release.AspNetCompiler.Debug = "False"
		VWDPort = "54373"
	EndProjectSection
EndProject
Global
	GlobalSection(SolutionConfigurationPlatforms) = preSolution
		Debug|Any CPU = Debug|Any CPU
	EndGlobalSection
	GlobalSection(ProjectConfigurationPlatforms) = postSolution
		{EC6394F6-3655-473C-BC1F-71A3BC2E9391}.Debug|Any CPU.ActiveCfg = Debug|Any CPU
		{EC6394F6-3655-473C-BC1F-71A3BC2E9391}.Debug|Any CPU.Build.0 = Debug|Any CPU
	EndGlobalSection
	GlobalSection(SolutionProperties) = preSolution
		HideSolutionNode = FALSE
	EndGlobalSection
	GlobalSection(ExtensibilityGlobals) = postSolution
		SolutionGuid = {7F2D2FA7-269A-4A32-8B65-525DEF61590D}
	EndGlobalSection
EndGlobal
